
Microsoft Visual Studio Solution File, Format Version 12.00
# Visual Studio Version 16
VisualStudioVersion = 16.0.31129.286
MinimumVisualStudioVersion = 10.0.40219.1
Project("{FAE04EC0-301F-11D3-BF4B-00C04F79EFBC}") = "Hill_Cipher_2x2", "Hill_Cipher_2x2\Hill_Cipher_2x2.csproj", "{B630037F-2C48-400C-9EA2-B42264244653}"
EndProject
Global
	GlobalSection(SolutionConfigurationPlatforms) = preSolution
		Debug|Any CPU = Debug|Any CPU
		Release|Any CPU = Release|Any CPU
	EndGlobalSection
	GlobalSection(ProjectConfigurationPlatforms) = postSolution
		{B630037F-2C48-400C-9EA2-B42264244653}.Debug|Any CPU.ActiveCfg = Debug|Any CPU
		{B630037F-2C48-400C-9EA2-B42264244653}.Debug|Any CPU.Build.0 = Debug|Any CPU
		{B630037F-2C48-400C-9EA2-B42264244653}.Release|Any CPU.ActiveCfg = Release|Any CPU
		{B630037F-2C48-400C-9EA2-B42264244653}.Release|Any CPU.Build.0 = Release|Any CPU
	EndGlobalSection
	GlobalSection(SolutionProperties) = preSolution
		HideSolutionNode = FALSE
	EndGlobalSection
	GlobalSection(ExtensibilityGlobals) = postSolution
		SolutionGuid = {93C4C9DC-113D-4412-B3FD-EC125E38FA0A}
	EndGlobalSection
EndGlobal
